// !$*UTF8*$!
{
	archiveVersion = 1;
	classes = {
	};
	objectVersion = 46;
	objects = {

/* Begin PBXBuildFile section */
		BD0D4FE21E77B91400E5D942 /* UserCenterHeadView.swift in Sources */ = {isa = PBXBuildFile; fileRef = BD0D4FE11E77B91400E5D942 /* UserCenterHeadView.swift */; };
		BD195E6E1E8373CA00AA5E71 /* CircleRightCell.swift in Sources */ = {isa = PBXBuildFile; fileRef = BD195E6D1E8373CA00AA5E71 /* CircleRightCell.swift */; };
		BD195E701E8373DC00AA5E71 /* CircleLeftCell.swift in Sources */ = {isa = PBXBuildFile; fileRef = BD195E6F1E8373DC00AA5E71 /* CircleLeftCell.swift */; };
		BD195E721E83BA9D00AA5E71 /* BallInformationModel.swift in Sources */ = {isa = PBXBuildFile; fileRef = BD195E711E83BA9D00AA5E71 /* BallInformationModel.swift */; };
		BD195E741E83BB0700AA5E71 /* CircleCellModel.swift in Sources */ = {isa = PBXBuildFile; fileRef = BD195E731E83BB0700AA5E71 /* CircleCellModel.swift */; };
		BD33613F1E949D8D009E4A78 /* CalculateCellHeight.swift in Sources */ = {isa = PBXBuildFile; fileRef = BD33613E1E949D8D009E4A78 /* CalculateCellHeight.swift */; };
		BD3361411E94DF22009E4A78 /* BallDetailsVC.swift in Sources */ = {isa = PBXBuildFile; fileRef = BD3361401E94DF22009E4A78 /* BallDetailsVC.swift */; };
		BD3361441E94E013009E4A78 /* BallDetailsCell.swift in Sources */ = {isa = PBXBuildFile; fileRef = BD3361431E94E013009E4A78 /* BallDetailsCell.swift */; };
		BD3361481E94F3A9009E4A78 /* HeadNameCell.swift in Sources */ = {isa = PBXBuildFile; fileRef = BD3361471E94F3A9009E4A78 /* HeadNameCell.swift */; };
		BD33614C1E96166D009E4A78 /* wrong@2x.png in Resources */ = {isa = PBXBuildFile; fileRef = BD33614B1E96166D009E4A78 /* wrong@2x.png */; };
		BD3361571E96227F009E4A78 /* aboutBall@2x.png in Resources */ = {isa = PBXBuildFile; fileRef = BD3361551E96227F009E4A78 /* aboutBall@2x.png */; };
		BD3361581E96227F009E4A78 /* circleMe@2x.png in Resources */ = {isa = PBXBuildFile; fileRef = BD3361561E96227F009E4A78 /* circleMe@2x.png */; };
		BD33615A1E962D35009E4A78 /* AboutBallVC.swift in Sources */ = {isa = PBXBuildFile; fileRef = BD3361591E962D35009E4A78 /* AboutBallVC.swift */; };
		BD33615C1E964AB3009E4A78 /* PickerView.swift in Sources */ = {isa = PBXBuildFile; fileRef = BD33615B1E964AB3009E4A78 /* PickerView.swift */; };
		BD6627BA1E66C28D007BFEDF /* LoginController.swift in Sources */ = {isa = PBXBuildFile; fileRef = BD6627B91E66C28D007BFEDF /* LoginController.swift */; };
		BD6627BC1E66C58A007BFEDF /* LoginManagement.swift in Sources */ = {isa = PBXBuildFile; fileRef = BD6627BB1E66C58A007BFEDF /* LoginManagement.swift */; };
		BD6627BE1E66D883007BFEDF /* RegisterController.swift in Sources */ = {isa = PBXBuildFile; fileRef = BD6627BD1E66D883007BFEDF /* RegisterController.swift */; };
		BD6780CF1E5E76C200AD4D93 /* Assets.xcassets in Resources */ = {isa = PBXBuildFile; fileRef = BD6780CE1E5E76C200AD4D93 /* Assets.xcassets */; };
		BD6780D21E5E76C200AD4D93 /* LaunchScreen.storyboard in Resources */ = {isa = PBXBuildFile; fileRef = BD6780D01E5E76C200AD4D93 /* LaunchScreen.storyboard */; };
		BD6780EC1E5E76E900AD4D93 /* AppDelegate.swift in Sources */ = {isa = PBXBuildFile; fileRef = BD6780E71E5E76E900AD4D93 /* AppDelegate.swift */; };
		BD6780ED1E5E76E900AD4D93 /* MainTabController.swift in Sources */ = {isa = PBXBuildFile; fileRef = BD6780E81E5E76E900AD4D93 /* MainTabController.swift */; };
		BD6780EF1E5E76E900AD4D93 /* ReleaseBallController.swift in Sources */ = {isa = PBXBuildFile; fileRef = BD6780EA1E5E76E900AD4D93 /* ReleaseBallController.swift */; };
		BD6780F01E5E76E900AD4D93 /* CircleFriendsController.swift in Sources */ = {isa = PBXBuildFile; fileRef = BD6780EB1E5E76E900AD4D93 /* CircleFriendsController.swift */; };
		BD7624901E83C3A500B68D8A /* EnrolmentFormModel.swift in Sources */ = {isa = PBXBuildFile; fileRef = BD76248F1E83C3A500B68D8A /* EnrolmentFormModel.swift */; };
		BD7624921E83D2DA00B68D8A /* enrollment@2x.png in Resources */ = {isa = PBXBuildFile; fileRef = BD7624911E83D2DA00B68D8A /* enrollment@2x.png */; };
		BD7624941E83D91C00B68D8A /* CircleHotCellModel.swift in Sources */ = {isa = PBXBuildFile; fileRef = BD7624931E83D91C00B68D8A /* CircleHotCellModel.swift */; };
		BD7624971E84C85A00B68D8A /* heart@2x.png in Resources */ = {isa = PBXBuildFile; fileRef = BD7624951E84C85A00B68D8A /* heart@2x.png */; };
		BD7624981E84C85A00B68D8A /* heart_gray@2x.png in Resources */ = {isa = PBXBuildFile; fileRef = BD7624961E84C85A00B68D8A /* heart_gray@2x.png */; };
		BD76249A1E84C8AD00B68D8A /* share@2x.png in Resources */ = {isa = PBXBuildFile; fileRef = BD7624991E84C8AD00B68D8A /* share@2x.png */; };
		BD76249E1E84EFC200B68D8A /* InitiatingBallView.swift in Sources */ = {isa = PBXBuildFile; fileRef = BD76249D1E84EFC200B68D8A /* InitiatingBallView.swift */; };
		BDA499A91E66713F001DB844 /* UserCenterController.swift in Sources */ = {isa = PBXBuildFile; fileRef = BDA499A81E66713F001DB844 /* UserCenterController.swift */; };
		BDA499B41E6676EE001DB844 /* circle.png in Resources */ = {isa = PBXBuildFile; fileRef = BDA499B11E6676EE001DB844 /* circle.png */; };
		BDA499B51E6676EE001DB844 /* release.png in Resources */ = {isa = PBXBuildFile; fileRef = BDA499B21E6676EE001DB844 /* release.png */; };
		BDA499B61E6676EE001DB844 /* userCenter.png in Resources */ = {isa = PBXBuildFile; fileRef = BDA499B31E6676EE001DB844 /* userCenter.png */; };
		BDA499B81E669AB8001DB844 /* default_face.png in Resources */ = {isa = PBXBuildFile; fileRef = BDA499B71E669AB8001DB844 /* default_face.png */; };
		D8DB895945B1C1BA2FC8BEF7 /* Pods_____.framework in Frameworks */ = {isa = PBXBuildFile; fileRef = 0E67878A3749EC4F0DF2297F /* Pods_____.framework */; };
/* End PBXBuildFile section */

/* Begin PBXFileReference section */
		0E67878A3749EC4F0DF2297F /* Pods_____.framework */ = {isa = PBXFileReference; explicitFileType = wrapper.framework; includeInIndex = 0; path = "Pods_____.framework"; sourceTree = BUILT_PRODUCTS_DIR; };
		623A9E0ED0378E45190B5DAB /* Pods-君子好球.debug.xcconfig */ = {isa = PBXFileReference; includeInIndex = 1; lastKnownFileType = text.xcconfig; name = "Pods-君子好球.debug.xcconfig"; path = "Pods/Target Support Files/Pods-君子好球/Pods-君子好球.debug.xcconfig"; sourceTree = "<group>"; };
		7C91930395D07A9FAACA906E /* Pods-君子好球.release.xcconfig */ = {isa = PBXFileReference; includeInIndex = 1; lastKnownFileType = text.xcconfig; name = "Pods-君子好球.release.xcconfig"; path = "Pods/Target Support Files/Pods-君子好球/Pods-君子好球.release.xcconfig"; sourceTree = "<group>"; };
		BD0D4FD21E76DEEE00E5D942 /* SnapKit.framework */ = {isa = PBXFileReference; lastKnownFileType = wrapper.framework; path = SnapKit.framework; sourceTree = "<group>"; };
		BD0D4FE11E77B91400E5D942 /* UserCenterHeadView.swift */ = {isa = PBXFileReference; fileEncoding = 4; lastKnownFileType = sourcecode.swift; path = UserCenterHeadView.swift; sourceTree = "<group>"; };
		BD195E6D1E8373CA00AA5E71 /* CircleRightCell.swift */ = {isa = PBXFileReference; fileEncoding = 4; lastKnownFileType = sourcecode.swift; path = CircleRightCell.swift; sourceTree = "<group>"; };
		BD195E6F1E8373DC00AA5E71 /* CircleLeftCell.swift */ = {isa = PBXFileReference; fileEncoding = 4; lastKnownFileType = sourcecode.swift; path = CircleLeftCell.swift; sourceTree = "<group>"; };
		BD195E711E83BA9D00AA5E71 /* BallInformationModel.swift */ = {isa = PBXFileReference; fileEncoding = 4; lastKnownFileType = sourcecode.swift; path = BallInformationModel.swift; sourceTree = "<group>"; };
		BD195E731E83BB0700AA5E71 /* CircleCellModel.swift */ = {isa = PBXFileReference; fileEncoding = 4; lastKnownFileType = sourcecode.swift; path = CircleCellModel.swift; sourceTree = "<group>"; };
		BD33613E1E949D8D009E4A78 /* CalculateCellHeight.swift */ = {isa = PBXFileReference; fileEncoding = 4; lastKnownFileType = sourcecode.swift; path = CalculateCellHeight.swift; sourceTree = "<group>"; };
		BD3361401E94DF22009E4A78 /* BallDetailsVC.swift */ = {isa = PBXFileReference; fileEncoding = 4; lastKnownFileType = sourcecode.swift; path = BallDetailsVC.swift; sourceTree = "<group>"; };
		BD3361431E94E013009E4A78 /* BallDetailsCell.swift */ = {isa = PBXFileReference; fileEncoding = 4; lastKnownFileType = sourcecode.swift; path = BallDetailsCell.swift; sourceTree = "<group>"; };
		BD3361471E94F3A9009E4A78 /* HeadNameCell.swift */ = {isa = PBXFileReference; fileEncoding = 4; lastKnownFileType = sourcecode.swift; path = HeadNameCell.swift; sourceTree = "<group>"; };
		BD33614B1E96166D009E4A78 /* wrong@2x.png */ = {isa = PBXFileReference; lastKnownFileType = image.png; path = "wrong@2x.png"; sourceTree = "<group>"; };
		BD3361551E96227F009E4A78 /* aboutBall@2x.png */ = {isa = PBXFileReference; lastKnownFileType = image.png; path = "aboutBall@2x.png"; sourceTree = "<group>"; };
		BD3361561E96227F009E4A78 /* circleMe@2x.png */ = {isa = PBXFileReference; lastKnownFileType = image.png; path = "circleMe@2x.png"; sourceTree = "<group>"; };
		BD3361591E962D35009E4A78 /* AboutBallVC.swift */ = {isa = PBXFileReference; fileEncoding = 4; lastKnownFileType = sourcecode.swift; path = AboutBallVC.swift; sourceTree = "<group>"; };
		BD33615B1E964AB3009E4A78 /* PickerView.swift */ = {isa = PBXFileReference; fileEncoding = 4; lastKnownFileType = sourcecode.swift; path = PickerView.swift; sourceTree = "<group>"; };
		BD6627B91E66C28D007BFEDF /* LoginController.swift */ = {isa = PBXFileReference; fileEncoding = 4; lastKnownFileType = sourcecode.swift; path = LoginController.swift; sourceTree = "<group>"; };
		BD6627BB1E66C58A007BFEDF /* LoginManagement.swift */ = {isa = PBXFileReference; fileEncoding = 4; lastKnownFileType = sourcecode.swift; path = LoginManagement.swift; sourceTree = "<group>"; };
		BD6627BD1E66D883007BFEDF /* RegisterController.swift */ = {isa = PBXFileReference; fileEncoding = 4; lastKnownFileType = sourcecode.swift; path = RegisterController.swift; sourceTree = "<group>"; };
		BD6780C41E5E76C200AD4D93 /* 君子好球.app */ = {isa = PBXFileReference; explicitFileType = wrapper.application; includeInIndex = 0; path = "君子好球.app"; sourceTree = BUILT_PRODUCTS_DIR; };
		BD6780CE1E5E76C200AD4D93 /* Assets.xcassets */ = {isa = PBXFileReference; lastKnownFileType = folder.assetcatalog; path = Assets.xcassets; sourceTree = "<group>"; };
		BD6780D11E5E76C200AD4D93 /* Base */ = {isa = PBXFileReference; lastKnownFileType = file.storyboard; name = Base; path = Base.lproj/LaunchScreen.storyboard; sourceTree = "<group>"; };
		BD6780D31E5E76C200AD4D93 /* Info.plist */ = {isa = PBXFileReference; lastKnownFileType = text.plist.xml; path = Info.plist; sourceTree = "<group>"; };
		BD6780E71E5E76E900AD4D93 /* AppDelegate.swift */ = {isa = PBXFileReference; fileEncoding = 4; lastKnownFileType = sourcecode.swift; path = AppDelegate.swift; sourceTree = "<group>"; };
		BD6780E81E5E76E900AD4D93 /* MainTabController.swift */ = {isa = PBXFileReference; fileEncoding = 4; lastKnownFileType = sourcecode.swift; path = MainTabController.swift; sourceTree = "<group>"; };
		BD6780EA1E5E76E900AD4D93 /* ReleaseBallController.swift */ = {isa = PBXFileReference; fileEncoding = 4; lastKnownFileType = sourcecode.swift; path = ReleaseBallController.swift; sourceTree = "<group>"; };
		BD6780EB1E5E76E900AD4D93 /* CircleFriendsController.swift */ = {isa = PBXFileReference; fileEncoding = 4; lastKnownFileType = sourcecode.swift; path = CircleFriendsController.swift; sourceTree = "<group>"; };
		BD76248F1E83C3A500B68D8A /* EnrolmentFormModel.swift */ = {isa = PBXFileReference; fileEncoding = 4; lastKnownFileType = sourcecode.swift; path = EnrolmentFormModel.swift; sourceTree = "<group>"; };
		BD7624911E83D2DA00B68D8A /* enrollment@2x.png */ = {isa = PBXFileReference; lastKnownFileType = image.png; path = "enrollment@2x.png"; sourceTree = "<group>"; };
		BD7624931E83D91C00B68D8A /* CircleHotCellModel.swift */ = {isa = PBXFileReference; fileEncoding = 4; lastKnownFileType = sourcecode.swift; path = CircleHotCellModel.swift; sourceTree = "<group>"; };
		BD7624951E84C85A00B68D8A /* heart@2x.png */ = {isa = PBXFileReference; lastKnownFileType = image.png; path = "heart@2x.png"; sourceTree = "<group>"; };
		BD7624961E84C85A00B68D8A /* heart_gray@2x.png */ = {isa = PBXFileReference; lastKnownFileType = image.png; path = "heart_gray@2x.png"; sourceTree = "<group>"; };
		BD7624991E84C8AD00B68D8A /* share@2x.png */ = {isa = PBXFileReference; lastKnownFileType = image.png; path = "share@2x.png"; sourceTree = "<group>"; };
		BD76249D1E84EFC200B68D8A /* InitiatingBallView.swift */ = {isa = PBXFileReference; fileEncoding = 4; lastKnownFileType = sourcecode.swift; path = InitiatingBallView.swift; sourceTree = "<group>"; };
		BDA499A81E66713F001DB844 /* UserCenterController.swift */ = {isa = PBXFileReference; fileEncoding = 4; lastKnownFileType = sourcecode.swift; path = UserCenterController.swift; sourceTree = "<group>"; };
		BDA499B11E6676EE001DB844 /* circle.png */ = {isa = PBXFileReference; lastKnownFileType = image.png; path = circle.png; sourceTree = "<group>"; };
		BDA499B21E6676EE001DB844 /* release.png */ = {isa = PBXFileReference; lastKnownFileType = image.png; path = release.png; sourceTree = "<group>"; };
		BDA499B31E6676EE001DB844 /* userCenter.png */ = {isa = PBXFileReference; lastKnownFileType = image.png; path = userCenter.png; sourceTree = "<group>"; };
		BDA499B71E669AB8001DB844 /* default_face.png */ = {isa = PBXFileReference; lastKnownFileType = image.png; path = default_face.png; sourceTree = "<group>"; };
/* End PBXFileReference section */

/* Begin PBXFrameworksBuildPhase section */
		BD6780C11E5E76C100AD4D93 /* Frameworks */ = {
			isa = PBXFrameworksBuildPhase;
			buildActionMask = 2147483647;
			files = (
				D8DB895945B1C1BA2FC8BEF7 /* Pods_____.framework in Frameworks */,
			);
			runOnlyForDeploymentPostprocessing = 0;
		};
/* End PBXFrameworksBuildPhase section */

/* Begin PBXGroup section */
		2C5CB21B9B8592CC879187A0 /* Frameworks */ = {
			isa = PBXGroup;
			children = (
				0E67878A3749EC4F0DF2297F /* Pods_____.framework */,
			);
			name = Frameworks;
			sourceTree = "<group>";
		};
		454C91B10BEE3829C707AEA6 /* Pods */ = {
			isa = PBXGroup;
			children = (
				623A9E0ED0378E45190B5DAB /* Pods-君子好球.debug.xcconfig */,
				7C91930395D07A9FAACA906E /* Pods-君子好球.release.xcconfig */,
			);
			name = Pods;
			sourceTree = "<group>";
		};
		BD195E401E82B12A00AA5E71 /* image */ = {
			isa = PBXGroup;
			children = (
				BD3361551E96227F009E4A78 /* aboutBall@2x.png */,
				BD3361561E96227F009E4A78 /* circleMe@2x.png */,
				BD33614B1E96166D009E4A78 /* wrong@2x.png */,
				BDA499B21E6676EE001DB844 /* release.png */,
				BDA499B31E6676EE001DB844 /* userCenter.png */,
				BD7624991E84C8AD00B68D8A /* share@2x.png */,
				BDA499B11E6676EE001DB844 /* circle.png */,
				BDA499B71E669AB8001DB844 /* default_face.png */,
				BD7624951E84C85A00B68D8A /* heart@2x.png */,
				BD7624961E84C85A00B68D8A /* heart_gray@2x.png */,
				BD7624911E83D2DA00B68D8A /* enrollment@2x.png */,
			);
			name = image;
			sourceTree = "<group>";
		};
		BD3361421E94DF28009E4A78 /* sonVc */ = {
			isa = PBXGroup;
			children = (
				BD3361401E94DF22009E4A78 /* BallDetailsVC.swift */,
				BD3361591E962D35009E4A78 /* AboutBallVC.swift */,
			);
			name = sonVc;
			sourceTree = "<group>";
		};
		BD6780BB1E5E76C100AD4D93 = {
			isa = PBXGroup;
			children = (
				BD6780C61E5E76C200AD4D93 /* 君子好球 */,
				BD6780C51E5E76C200AD4D93 /* Products */,
				2C5CB21B9B8592CC879187A0 /* Frameworks */,
				454C91B10BEE3829C707AEA6 /* Pods */,
			);
			sourceTree = "<group>";
		};
		BD6780C51E5E76C200AD4D93 /* Products */ = {
			isa = PBXGroup;
			children = (
				BD6780C41E5E76C200AD4D93 /* 君子好球.app */,
			);
			name = Products;
			sourceTree = "<group>";
		};
		BD6780C61E5E76C200AD4D93 /* 君子好球 */ = {
			isa = PBXGroup;
			children = (
				BD0D4FD21E76DEEE00E5D942 /* SnapKit.framework */,
				BDA499A71E666D9B001DB844 /* controller */,
				BDA499A61E666D95001DB844 /* view */,
				BDA499A51E666D8B001DB844 /* model */,
				BD6780E71E5E76E900AD4D93 /* AppDelegate.swift */,
				BD6780CE1E5E76C200AD4D93 /* Assets.xcassets */,
				BD6780D01E5E76C200AD4D93 /* LaunchScreen.storyboard */,
				BD6780D31E5E76C200AD4D93 /* Info.plist */,
			);
			path = "君子好球";
			sourceTree = "<group>";
		};
		BD76249B1E84CB5C00B68D8A /* RootVC */ = {
			isa = PBXGroup;
			children = (
				BD3361421E94DF28009E4A78 /* sonVc */,
				BD6780EA1E5E76E900AD4D93 /* ReleaseBallController.swift */,
				BDA499A81E66713F001DB844 /* UserCenterController.swift */,
				BD6780EB1E5E76E900AD4D93 /* CircleFriendsController.swift */,
				BD6780E81E5E76E900AD4D93 /* MainTabController.swift */,
			);
			name = RootVC;
			sourceTree = "<group>";
		};
		BD76249C1E84CB9600B68D8A /* Login */ = {
			isa = PBXGroup;
			children = (
				BD6627B91E66C28D007BFEDF /* LoginController.swift */,
				BD6627BD1E66D883007BFEDF /* RegisterController.swift */,
			);
			name = Login;
			sourceTree = "<group>";
		};
		BDA499A51E666D8B001DB844 /* model */ = {
			isa = PBXGroup;
			children = (
				BD6627BB1E66C58A007BFEDF /* LoginManagement.swift */,
				BD195E711E83BA9D00AA5E71 /* BallInformationModel.swift */,
				BD195E731E83BB0700AA5E71 /* CircleCellModel.swift */,
				BD76248F1E83C3A500B68D8A /* EnrolmentFormModel.swift */,
				BD7624931E83D91C00B68D8A /* CircleHotCellModel.swift */,
				BD33613E1E949D8D009E4A78 /* CalculateCellHeight.swift */,
			);
			name = model;
			sourceTree = "<group>";
		};
		BDA499A61E666D95001DB844 /* view */ = {
			isa = PBXGroup;
			children = (
				BD33615B1E964AB3009E4A78 /* PickerView.swift */,
				BD3361471E94F3A9009E4A78 /* HeadNameCell.swift */,
				BD3361431E94E013009E4A78 /* BallDetailsCell.swift */,
				BD76249D1E84EFC200B68D8A /* InitiatingBallView.swift */,
				BD195E6F1E8373DC00AA5E71 /* CircleLeftCell.swift */,
				BD195E6D1E8373CA00AA5E71 /* CircleRightCell.swift */,
				BD0D4FE11E77B91400E5D942 /* UserCenterHeadView.swift */,
				BD195E401E82B12A00AA5E71 /* image */,
			);
			name = view;
			sourceTree = "<group>";
		};
		BDA499A71E666D9B001DB844 /* controller */ = {
			isa = PBXGroup;
			children = (
				BD76249C1E84CB9600B68D8A /* Login */,
				BD76249B1E84CB5C00B68D8A /* RootVC */,
			);
			name = controller;
			sourceTree = "<group>";
		};
/* End PBXGroup section */

/* Begin PBXNativeTarget section */
		BD6780C31E5E76C100AD4D93 /* 君子好球 */ = {
			isa = PBXNativeTarget;
			buildConfigurationList = BD6780E11E5E76C200AD4D93 /* Build configuration list for PBXNativeTarget "君子好球" */;
			buildPhases = (
				AD09C4F5F450A430875BAD7C /* [CP] Check Pods Manifest.lock */,
				BD6780C01E5E76C100AD4D93 /* Sources */,
				BD6780C11E5E76C100AD4D93 /* Frameworks */,
				BD6780C21E5E76C100AD4D93 /* Resources */,
				FA7F9CE4510D572BBAABE4E8 /* [CP] Embed Pods Frameworks */,
				46C090DA48A0098350AA9050 /* [CP] Copy Pods Resources */,
			);
			buildRules = (
			);
			dependencies = (
			);
			name = "君子好球";
			productName = "君子好球";
			productReference = BD6780C41E5E76C200AD4D93 /* 君子好球.app */;
			productType = "com.apple.product-type.application";
		};
/* End PBXNativeTarget section */

/* Begin PBXProject section */
		BD6780BC1E5E76C100AD4D93 /* Project object */ = {
			isa = PBXProject;
			attributes = {
				LastSwiftUpdateCheck = 0820;
				LastUpgradeCheck = 0820;
				ORGANIZATIONNAME = myself;
				TargetAttributes = {
					BD6780C31E5E76C100AD4D93 = {
						CreatedOnToolsVersion = 8.2.1;
						DevelopmentTeam = 355A2TSX74;
						LastSwiftMigration = 0820;
						ProvisioningStyle = Automatic;
					};
				};
			};
			buildConfigurationList = BD6780BF1E5E76C100AD4D93 /* Build configuration list for PBXProject "君子好球" */;
			compatibilityVersion = "Xcode 3.2";
			developmentRegion = English;
			hasScannedForEncodings = 0;
			knownRegions = (
				en,
				Base,
			);
			mainGroup = BD6780BB1E5E76C100AD4D93;
			productRefGroup = BD6780C51E5E76C200AD4D93 /* Products */;
			projectDirPath = "";
			projectRoot = "";
			targets = (
				BD6780C31E5E76C100AD4D93 /* 君子好球 */,
			);
		};
/* End PBXProject section */

/* Begin PBXResourcesBuildPhase section */
		BD6780C21E5E76C100AD4D93 /* Resources */ = {
			isa = PBXResourcesBuildPhase;
			buildActionMask = 2147483647;
			files = (
				BD76249A1E84C8AD00B68D8A /* share@2x.png in Resources */,
				BDA499B81E669AB8001DB844 /* default_face.png in Resources */,
				BDA499B61E6676EE001DB844 /* userCenter.png in Resources */,
				BDA499B41E6676EE001DB844 /* circle.png in Resources */,
				BD7624981E84C85A00B68D8A /* heart_gray@2x.png in Resources */,
				BD6780D21E5E76C200AD4D93 /* LaunchScreen.storyboard in Resources */,
				BD33614C1E96166D009E4A78 /* wrong@2x.png in Resources */,
				BD6780CF1E5E76C200AD4D93 /* Assets.xcassets in Resources */,
				BD7624971E84C85A00B68D8A /* heart@2x.png in Resources */,
				BD7624921E83D2DA00B68D8A /* enrollment@2x.png in Resources */,
				BDA499B51E6676EE001DB844 /* release.png in Resources */,
				BD3361581E96227F009E4A78 /* circleMe@2x.png in Resources */,
				BD3361571E96227F009E4A78 /* aboutBall@2x.png in Resources */,
			);
			runOnlyForDeploymentPostprocessing = 0;
		};
/* End PBXResourcesBuildPhase section */

/* Begin PBXShellScriptBuildPhase section */
		46C090DA48A0098350AA9050 /* [CP] Copy Pods Resources */ = {
			isa = PBXShellScriptBuildPhase;
			buildActionMask = 2147483647;
			files = (
			);
			inputPaths = (
			);
			name = "[CP] Copy Pods Resources";
			outputPaths = (
			);
			runOnlyForDeploymentPostprocessing = 0;
			shellPath = /bin/sh;
			shellScript = "\"${SRCROOT}/Pods/Target Support Files/Pods-君子好球/Pods-君子好球-resources.sh\"\n";
			showEnvVarsInLog = 0;
		};
		AD09C4F5F450A430875BAD7C /* [CP] Check Pods Manifest.lock */ = {
			isa = PBXShellScriptBuildPhase;
			buildActionMask = 2147483647;
			files = (
			);
			inputPaths = (
			);
			name = "[CP] Check Pods Manifest.lock";
			outputPaths = (
			);
			runOnlyForDeploymentPostprocessing = 0;
			shellPath = /bin/sh;
			shellScript = "diff \"${PODS_ROOT}/../Podfile.lock\" \"${PODS_ROOT}/Manifest.lock\" > /dev/null\nif [ $? != 0 ] ; then\n    # print error to STDERR\n    echo \"error: The sandbox is not in sync with the Podfile.lock. Run 'pod install' or update your CocoaPods installation.\" >&2\n    exit 1\nfi\n";
			showEnvVarsInLog = 0;
		};
		FA7F9CE4510D572BBAABE4E8 /* [CP] Embed Pods Frameworks */ = {
			isa = PBXShellScriptBuildPhase;
			buildActionMask = 2147483647;
			files = (
			);
			inputPaths = (
			);
			name = "[CP] Embed Pods Frameworks";
			outputPaths = (
			);
			runOnlyForDeploymentPostprocessing = 0;
			shellPath = /bin/sh;
			shellScript = "\"${SRCROOT}/Pods/Target Support Files/Pods-君子好球/Pods-君子好球-frameworks.sh\"\n";
			showEnvVarsInLog = 0;
		};
/* End PBXShellScriptBuildPhase section */

/* Begin PBXSourcesBuildPhase section */
		BD6780C01E5E76C100AD4D93 /* Sources */ = {
			isa = PBXSourcesBuildPhase;
			buildActionMask = 2147483647;
			files = (
				BD195E6E1E8373CA00AA5E71 /* CircleRightCell.swift in Sources */,
				BD33613F1E949D8D009E4A78 /* CalculateCellHeight.swift in Sources */,
				BD6780ED1E5E76E900AD4D93 /* MainTabController.swift in Sources */,
				BD6780EF1E5E76E900AD4D93 /* ReleaseBallController.swift in Sources */,
				BD195E701E8373DC00AA5E71 /* CircleLeftCell.swift in Sources */,
				BD33615A1E962D35009E4A78 /* AboutBallVC.swift in Sources */,
				BD3361441E94E013009E4A78 /* BallDetailsCell.swift in Sources */,
				BD7624941E83D91C00B68D8A /* CircleHotCellModel.swift in Sources */,
				BD6780EC1E5E76E900AD4D93 /* AppDelegate.swift in Sources */,
				BD3361481E94F3A9009E4A78 /* HeadNameCell.swift in Sources */,
				BD6627BC1E66C58A007BFEDF /* LoginManagement.swift in Sources */,
				BD3361411E94DF22009E4A78 /* BallDetailsVC.swift in Sources */,
				BD0D4FE21E77B91400E5D942 /* UserCenterHeadView.swift in Sources */,
				BD6627BE1E66D883007BFEDF /* RegisterController.swift in Sources */,
				BD195E721E83BA9D00AA5E71 /* BallInformationModel.swift in Sources */,
				BD6780F01E5E76E900AD4D93 /* CircleFriendsController.swift in Sources */,
				BD33615C1E964AB3009E4A78 /* PickerView.swift in Sources */,
				BDA499A91E66713F001DB844 /* UserCenterController.swift in Sources */,
				BD7624901E83C3A500B68D8A /* EnrolmentFormModel.swift in Sources */,
				BD195E741E83BB0700AA5E71 /* CircleCellModel.swift in Sources */,
				BD76249E1E84EFC200B68D8A /* InitiatingBallView.swift in Sources */,
				BD6627BA1E66C28D007BFEDF /* LoginController.swift in Sources */,
			);
			runOnlyForDeploymentPostprocessing = 0;
		};
/* End PBXSourcesBuildPhase section */

/* Begin PBXVariantGroup section */
		BD6780D01E5E76C200AD4D93 /* LaunchScreen.storyboard */ = {
			isa = PBXVariantGroup;
			children = (
				BD6780D11E5E76C200AD4D93 /* Base */,
			);
			name = LaunchScreen.storyboard;
			sourceTree = "<group>";
		};
/* End PBXVariantGroup section */

/* Begin XCBuildConfiguration section */
		BD6780DF1E5E76C200AD4D93 /* Debug */ = {
			isa = XCBuildConfiguration;
			buildSettings = {
				ALWAYS_SEARCH_USER_PATHS = NO;
				CLANG_ANALYZER_NONNULL = YES;
				CLANG_CXX_LANGUAGE_STANDARD = "gnu++0x";
				CLANG_CXX_LIBRARY = "libc++";
				CLANG_ENABLE_MODULES = YES;
				CLANG_ENABLE_OBJC_ARC = YES;
				CLANG_WARN_BOOL_CONVERSION = YES;
				CLANG_WARN_CONSTANT_CONVERSION = YES;
				CLANG_WARN_DIRECT_OBJC_ISA_USAGE = YES_ERROR;
				CLANG_WARN_DOCUMENTATION_COMMENTS = YES;
				CLANG_WARN_EMPTY_BODY = YES;
				CLANG_WARN_ENUM_CONVERSION = YES;
				CLANG_WARN_INFINITE_RECURSION = YES;
				CLANG_WARN_INT_CONVERSION = YES;
				CLANG_WARN_OBJC_ROOT_CLASS = YES_ERROR;
				CLANG_WARN_SUSPICIOUS_MOVE = YES;
				CLANG_WARN_UNREACHABLE_CODE = YES;
				CLANG_WARN__DUPLICATE_METHOD_MATCH = YES;
				"CODE_SIGN_IDENTITY[sdk=iphoneos*]" = "iPhone Developer";
				COPY_PHASE_STRIP = NO;
				DEBUG_INFORMATION_FORMAT = dwarf;
				ENABLE_STRICT_OBJC_MSGSEND = YES;
				ENABLE_TESTABILITY = YES;
				GCC_C_LANGUAGE_STANDARD = gnu99;
				GCC_DYNAMIC_NO_PIC = NO;
				GCC_NO_COMMON_BLOCKS = YES;
				GCC_OPTIMIZATION_LEVEL = 0;
				GCC_PREPROCESSOR_DEFINITIONS = (
					"DEBUG=1",
					"$(inherited)",
				);
				GCC_WARN_64_TO_32_BIT_CONVERSION = YES;
				GCC_WARN_ABOUT_RETURN_TYPE = YES_ERROR;
				GCC_WARN_UNDECLARED_SELECTOR = YES;
				GCC_WARN_UNINITIALIZED_AUTOS = YES_AGGRESSIVE;
				GCC_WARN_UNUSED_FUNCTION = YES;
				GCC_WARN_UNUSED_VARIABLE = YES;
				IPHONEOS_DEPLOYMENT_TARGET = 10.2;
				MTL_ENABLE_DEBUG_INFO = YES;
				ONLY_ACTIVE_ARCH = YES;
				SDKROOT = iphoneos;
				SWIFT_ACTIVE_COMPILATION_CONDITIONS = DEBUG;
				SWIFT_OPTIMIZATION_LEVEL = "-Onone";
			};
			name = Debug;
		};
		BD6780E01E5E76C200AD4D93 /* Release */ = {
			isa = XCBuildConfiguration;
			buildSettings = {
				ALWAYS_SEARCH_USER_PATHS = NO;
				CLANG_ANALYZER_NONNULL = YES;
				CLANG_CXX_LANGUAGE_STANDARD = "gnu++0x";
				CLANG_CXX_LIBRARY = "libc++";
				CLANG_ENABLE_MODULES = YES;
				CLANG_ENABLE_OBJC_ARC = YES;
				CLANG_WARN_BOOL_CONVERSION = YES;
				CLANG_WARN_CONSTANT_CONVERSION = YES;
				CLANG_WARN_DIRECT_OBJC_ISA_USAGE = YES_ERROR;
				CLANG_WARN_DOCUMENTATION_COMMENTS = YES;
				CLANG_WARN_EMPTY_BODY = YES;
				CLANG_WARN_ENUM_CONVERSION = YES;
				CLANG_WARN_INFINITE_RECURSION = YES;
				CLANG_WARN_INT_CONVERSION = YES;
				CLANG_WARN_OBJC_ROOT_CLASS = YES_ERROR;
				CLANG_WARN_SUSPICIOUS_MOVE = YES;
				CLANG_WARN_UNREACHABLE_CODE = YES;
				CLANG_WARN__DUPLICATE_METHOD_MATCH = YES;
				"CODE_SIGN_IDENTITY[sdk=iphoneos*]" = "iPhone Developer";
				COPY_PHASE_STRIP = NO;
				DEBUG_INFORMATION_FORMAT = "dwarf-with-dsym";
				ENABLE_NS_ASSERTIONS = NO;
				ENABLE_STRICT_OBJC_MSGSEND = YES;
				GCC_C_LANGUAGE_STANDARD = gnu99;
				GCC_NO_COMMON_BLOCKS = YES;
				GCC_WARN_64_TO_32_BIT_CONVERSION = YES;
				GCC_WARN_ABOUT_RETURN_TYPE = YES_ERROR;
				GCC_WARN_UNDECLARED_SELECTOR = YES;
				GCC_WARN_UNINITIALIZED_AUTOS = YES_AGGRESSIVE;
				GCC_WARN_UNUSED_FUNCTION = YES;
				GCC_WARN_UNUSED_VARIABLE = YES;
				IPHONEOS_DEPLOYMENT_TARGET = 10.2;
				MTL_ENABLE_DEBUG_INFO = NO;
				SDKROOT = iphoneos;
				SWIFT_OPTIMIZATION_LEVEL = "-Owholemodule";
				VALIDATE_PRODUCT = YES;
			};
			name = Release;
		};
		BD6780E21E5E76C200AD4D93 /* Debug */ = {
			isa = XCBuildConfiguration;
			baseConfigurationReference = 623A9E0ED0378E45190B5DAB /* Pods-君子好球.debug.xcconfig */;
			buildSettings = {
				ASSETCATALOG_COMPILER_APPICON_NAME = AppIcon;
				CLANG_ENABLE_MODULES = YES;
				DEVELOPMENT_TEAM = 355A2TSX74;
				FRAMEWORK_SEARCH_PATHS = (
					"$(inherited)",
					"$(PROJECT_DIR)",
					"$(PROJECT_DIR)/君子好球",
				);
				GCC_PRECOMPILE_PREFIX_HEADER = NO;
				GCC_PREFIX_HEADER = "";
				INFOPLIST_FILE = "君子好球/Info.plist";
				IPHONEOS_DEPLOYMENT_TARGET = 8.0;
				LD_RUNPATH_SEARCH_PATHS = "$(inherited) @executable_path/Frameworks";
				PRODUCT_BUNDLE_IDENTIFIER = "com.jd-lishishuang";
				PRODUCT_NAME = "$(TARGET_NAME)";
				SWIFT_OPTIMIZATION_LEVEL = "-Onone";
				SWIFT_VERSION = 3.0;
			};
			name = Debug;
		};
		BD6780E31E5E76C200AD4D93 /* Release */ = {
			isa = XCBuildConfiguration;
			baseConfigurationReference = 7C91930395D07A9FAACA906E /* Pods-君子好球.release.xcconfig */;
			buildSettings = {
				ASSETCATALOG_COMPILER_APPICON_NAME = AppIcon;
				CLANG_ENABLE_MODULES = YES;
				DEVELOPMENT_TEAM = 355A2TSX74;
				FRAMEWORK_SEARCH_PATHS = (
					"$(inherited)",
					"$(PROJECT_DIR)",
					"$(PROJECT_DIR)/君子好球",
				);
				GCC_PRECOMPILE_PREFIX_HEADER = NO;
				GCC_PREFIX_HEADER = "";
				INFOPLIST_FILE = "君子好球/Info.plist";
				IPHONEOS_DEPLOYMENT_TARGET = 8.0;
				LD_RUNPATH_SEARCH_PATHS = "$(inherited) @executable_path/Frameworks";
				PRODUCT_BUNDLE_IDENTIFIER = "com.jd-lishishuang";
				PRODUCT_NAME = "$(TARGET_NAME)";
				SWIFT_VERSION = 3.0;
			};
			name = Release;
		};
/* End XCBuildConfiguration section */

/* Begin XCConfigurationList section */
		BD6780BF1E5E76C100AD4D93 /* Build configuration list for PBXProject "君子好球" */ = {
			isa = XCConfigurationList;
			buildConfigurations = (
				BD6780DF1E5E76C200AD4D93 /* Debug */,
				BD6780E01E5E76C200AD4D93 /* Release */,
			);
			defaultConfigurationIsVisible = 0;
			defaultConfigurationName = Release;
		};
		BD6780E11E5E76C200AD4D93 /* Build configuration list for PBXNativeTarget "君子好球" */ = {
			isa = XCConfigurationList;
			buildConfigurations = (
				BD6780E21E5E76C200AD4D93 /* Debug */,
				BD6780E31E5E76C200AD4D93 /* Release */,
			);
			defaultConfigurationIsVisible = 0;
			defaultConfigurationName = Release;
		};
/* End XCConfigurationList section */
	};
	rootObject = BD6780BC1E5E76C100AD4D93 /* Project object */;
}
